// !$*UTF8*$!
{
	archiveVersion = 1;
	classes = {
	};
	objectVersion = 46;
	objects = {

/* Begin PBXBuildFile section */
		53474D64196CDE4D00C07BB2 /* Foundation.framework in Frameworks */ = {isa = PBXBuildFile; fileRef = 53474D63196CDE4D00C07BB2 /* Foundation.framework */; };
		53474D66196CDE4D00C07BB2 /* CoreGraphics.framework in Frameworks */ = {isa = PBXBuildFile; fileRef = 53474D65196CDE4D00C07BB2 /* CoreGraphics.framework */; };
		53474D68196CDE4D00C07BB2 /* UIKit.framework in Frameworks */ = {isa = PBXBuildFile; fileRef = 53474D67196CDE4D00C07BB2 /* UIKit.framework */; };
		53474D6E196CDE4D00C07BB2 /* InfoPlist.strings in Resources */ = {isa = PBXBuildFile; fileRef = 53474D6C196CDE4D00C07BB2 /* InfoPlist.strings */; };
		53474D70196CDE4D00C07BB2 /* main.m in Sources */ = {isa = PBXBuildFile; fileRef = 53474D6F196CDE4D00C07BB2 /* main.m */; };
		53474D74196CDE4D00C07BB2 /* AppDelegate.m in Sources */ = {isa = PBXBuildFile; fileRef = 53474D73196CDE4D00C07BB2 /* AppDelegate.m */; };
		53474D77196CDE4D00C07BB2 /* Main.storyboard in Resources */ = {isa = PBXBuildFile; fileRef = 53474D75196CDE4D00C07BB2 /* Main.storyboard */; };
		53474D7A196CDE4D00C07BB2 /* ViewController.m in Sources */ = {isa = PBXBuildFile; fileRef = 53474D79196CDE4D00C07BB2 /* ViewController.m */; };
		53474D7C196CDE4D00C07BB2 /* Images.xcassets in Resources */ = {isa = PBXBuildFile; fileRef = 53474D7B196CDE4D00C07BB2 /* Images.xcassets */; };
		53474D83196CDE4D00C07BB2 /* XCTest.framework in Frameworks */ = {isa = PBXBuildFile; fileRef = 53474D82196CDE4D00C07BB2 /* XCTest.framework */; };
		53474D84196CDE4D00C07BB2 /* Foundation.framework in Frameworks */ = {isa = PBXBuildFile; fileRef = 53474D63196CDE4D00C07BB2 /* Foundation.framework */; };
		53474D85196CDE4D00C07BB2 /* UIKit.framework in Frameworks */ = {isa = PBXBuildFile; fileRef = 53474D67196CDE4D00C07BB2 /* UIKit.framework */; };
		53474D8D196CDE4D00C07BB2 /* InfoPlist.strings in Resources */ = {isa = PBXBuildFile; fileRef = 53474D8B196CDE4D00C07BB2 /* InfoPlist.strings */; };
		53474D8F196CDE4D00C07BB2 /* newLiFETests.m in Sources */ = {isa = PBXBuildFile; fileRef = 53474D8E196CDE4D00C07BB2 /* newLiFETests.m */; };
/* End PBXBuildFile section */

/* Begin PBXContainerItemProxy section */
		53474D86196CDE4D00C07BB2 /* PBXContainerItemProxy */ = {
			isa = PBXContainerItemProxy;
			containerPortal = 53474D58196CDE4D00C07BB2 /* Project object */;
			proxyType = 1;
			remoteGlobalIDString = 53474D5F196CDE4D00C07BB2;
			remoteInfo = newLiFE;
		};
/* End PBXContainerItemProxy section */

/* Begin PBXFileReference section */
		53474D60196CDE4D00C07BB2 /* newLiFE.app */ = {isa = PBXFileReference; explicitFileType = wrapper.application; includeInIndex = 0; path = newLiFE.app; sourceTree = BUILT_PRODUCTS_DIR; };
		53474D63196CDE4D00C07BB2 /* Foundation.framework */ = {isa = PBXFileReference; lastKnownFileType = wrapper.framework; name = Foundation.framework; path = System/Library/Frameworks/Foundation.framework; sourceTree = SDKROOT; };
		53474D65196CDE4D00C07BB2 /* CoreGraphics.framework */ = {isa = PBXFileReference; lastKnownFileType = wrapper.framework; name = CoreGraphics.framework; path = System/Library/Frameworks/CoreGraphics.framework; sourceTree = SDKROOT; };
		53474D67196CDE4D00C07BB2 /* UIKit.framework */ = {isa = PBXFileReference; lastKnownFileType = wrapper.framework; name = UIKit.framework; path = System/Library/Frameworks/UIKit.framework; sourceTree = SDKROOT; };
		53474D6B196CDE4D00C07BB2 /* newLiFE-Info.plist */ = {isa = PBXFileReference; lastKnownFileType = text.plist.xml; path = "newLiFE-Info.plist"; sourceTree = "<group>"; };
		53474D6D196CDE4D00C07BB2 /* en */ = {isa = PBXFileReference; lastKnownFileType = text.plist.strings; name = en; path = en.lproj/InfoPlist.strings; sourceTree = "<group>"; };
		53474D6F196CDE4D00C07BB2 /* main.m */ = {isa = PBXFileReference; lastKnownFileType = sourcecode.c.objc; path = main.m; sourceTree = "<group>"; };
		53474D71196CDE4D00C07BB2 /* newLiFE-Prefix.pch */ = {isa = PBXFileReference; lastKnownFileType = sourcecode.c.h; path = "newLiFE-Prefix.pch"; sourceTree = "<group>"; };
		53474D72196CDE4D00C07BB2 /* AppDelegate.h */ = {isa = PBXFileReference; lastKnownFileType = sourcecode.c.h; path = AppDelegate.h; sourceTree = "<group>"; };
		53474D73196CDE4D00C07BB2 /* AppDelegate.m */ = {isa = PBXFileReference; lastKnownFileType = sourcecode.c.objc; path = AppDelegate.m; sourceTree = "<group>"; };
		53474D76196CDE4D00C07BB2 /* Base */ = {isa = PBXFileReference; lastKnownFileType = file.storyboard; name = Base; path = Base.lproj/Main.storyboard; sourceTree = "<group>"; };
		53474D78196CDE4D00C07BB2 /* ViewController.h */ = {isa = PBXFileReference; lastKnownFileType = sourcecode.c.h; path = ViewController.h; sourceTree = "<group>"; };
		53474D79196CDE4D00C07BB2 /* ViewController.m */ = {isa = PBXFileReference; lastKnownFileType = sourcecode.c.objc; path = ViewController.m; sourceTree = "<group>"; };
		53474D7B196CDE4D00C07BB2 /* Images.xcassets */ = {isa = PBXFileReference; lastKnownFileType = folder.assetcatalog; path = Images.xcassets; sourceTree = "<group>"; };
		53474D81196CDE4D00C07BB2 /* newLiFETests.xctest */ = {isa = PBXFileReference; explicitFileType = wrapper.cfbundle; includeInIndex = 0; path = newLiFETests.xctest; sourceTree = BUILT_PRODUCTS_DIR; };
		53474D82196CDE4D00C07BB2 /* XCTest.framework */ = {isa = PBXFileReference; lastKnownFileType = wrapper.framework; name = XCTest.framework; path = Library/Frameworks/XCTest.framework; sourceTree = DEVELOPER_DIR; };
		53474D8A196CDE4D00C07BB2 /* newLiFETests-Info.plist */ = {isa = PBXFileReference; lastKnownFileType = text.plist.xml; path = "newLiFETests-Info.plist"; sourceTree = "<group>"; };
		53474D8C196CDE4D00C07BB2 /* en */ = {isa = PBXFileReference; lastKnownFileType = text.plist.strings; name = en; path = en.lproj/InfoPlist.strings; sourceTree = "<group>"; };
		53474D8E196CDE4D00C07BB2 /* newLiFETests.m */ = {isa = PBXFileReference; lastKnownFileType = sourcecode.c.objc; path = newLiFETests.m; sourceTree = "<group>"; };
/* End PBXFileReference section */

/* Begin PBXFrameworksBuildPhase section */
		53474D5D196CDE4D00C07BB2 /* Frameworks */ = {
			isa = PBXFrameworksBuildPhase;
			buildActionMask = 2147483647;
			files = (
				53474D66196CDE4D00C07BB2 /* CoreGraphics.framework in Frameworks */,
				53474D68196CDE4D00C07BB2 /* UIKit.framework in Frameworks */,
				53474D64196CDE4D00C07BB2 /* Foundation.framework in Frameworks */,
			);
			runOnlyForDeploymentPostprocessing = 0;
		};
		53474D7E196CDE4D00C07BB2 /* Frameworks */ = {
			isa = PBXFrameworksBuildPhase;
			buildActionMask = 2147483647;
			files = (
				53474D83196CDE4D00C07BB2 /* XCTest.framework in Frameworks */,
				53474D85196CDE4D00C07BB2 /* UIKit.framework in Frameworks */,
				53474D84196CDE4D00C07BB2 /* Foundation.framework in Frameworks */,
			);
			runOnlyForDeploymentPostprocessing = 0;
		};
/* End PBXFrameworksBuildPhase section */

/* Begin PBXGroup section */
		53474D57196CDE4D00C07BB2 = {
			isa = PBXGroup;
			children = (
				53474D69196CDE4D00C07BB2 /* newLiFE */,
				53474D88196CDE4D00C07BB2 /* newLiFETests */,
				53474D62196CDE4D00C07BB2 /* Frameworks */,
				53474D61196CDE4D00C07BB2 /* Products */,
			);
			sourceTree = "<group>";
		};
		53474D61196CDE4D00C07BB2 /* Products */ = {
			isa = PBXGroup;
			children = (
				53474D60196CDE4D00C07BB2 /* newLiFE.app */,
				53474D81196CDE4D00C07BB2 /* newLiFETests.xctest */,
			);
			name = Products;
			sourceTree = "<group>";
		};
		53474D62196CDE4D00C07BB2 /* Frameworks */ = {
			isa = PBXGroup;
			children = (
				53474D63196CDE4D00C07BB2 /* Foundation.framework */,
				53474D65196CDE4D00C07BB2 /* CoreGraphics.framework */,
				53474D67196CDE4D00C07BB2 /* UIKit.framework */,
				53474D82196CDE4D00C07BB2 /* XCTest.framework */,
			);
			name = Frameworks;
			sourceTree = "<group>";
		};
		53474D69196CDE4D00C07BB2 /* newLiFE */ = {
			isa = PBXGroup;
			children = (
				53474D72196CDE4D00C07BB2 /* AppDelegate.h */,
				53474D73196CDE4D00C07BB2 /* AppDelegate.m */,
				53474D75196CDE4D00C07BB2 /* Main.storyboard */,
				53474D78196CDE4D00C07BB2 /* ViewController.h */,
				53474D79196CDE4D00C07BB2 /* ViewController.m */,
				53474D7B196CDE4D00C07BB2 /* Images.xcassets */,
				53474D6A196CDE4D00C07BB2 /* Supporting Files */,
			);
			path = newLiFE;
			sourceTree = "<group>";
		};
		53474D6A196CDE4D00C07BB2 /* Supporting Files */ = {
			isa = PBXGroup;
			children = (
				53474D6B196CDE4D00C07BB2 /* newLiFE-Info.plist */,
				53474D6C196CDE4D00C07BB2 /* InfoPlist.strings */,
				53474D6F196CDE4D00C07BB2 /* main.m */,
				53474D71196CDE4D00C07BB2 /* newLiFE-Prefix.pch */,
			);
			name = "Supporting Files";
			sourceTree = "<group>";
		};
		53474D88196CDE4D00C07BB2 /* newLiFETests */ = {
			isa = PBXGroup;
			children = (
				53474D8E196CDE4D00C07BB2 /* newLiFETests.m */,
				53474D89196CDE4D00C07BB2 /* Supporting Files */,
			);
			path = newLiFETests;
			sourceTree = "<group>";
		};
		53474D89196CDE4D00C07BB2 /* Supporting Files */ = {
			isa = PBXGroup;
			children = (
				53474D8A196CDE4D00C07BB2 /* newLiFETests-Info.plist */,
				53474D8B196CDE4D00C07BB2 /* InfoPlist.strings */,
			);
			name = "Supporting Files";
			sourceTree = "<group>";
		};
/* End PBXGroup section */

/* Begin PBXNativeTarget section */
		53474D5F196CDE4D00C07BB2 /* newLiFE */ = {
			isa = PBXNativeTarget;
			buildConfigurationList = 53474D92196CDE4D00C07BB2 /* Build configuration list for PBXNativeTarget "newLiFE" */;
			buildPhases = (
				53474D5C196CDE4D00C07BB2 /* Sources */,
				53474D5D196CDE4D00C07BB2 /* Frameworks */,
				53474D5E196CDE4D00C07BB2 /* Resources */,
			);
			buildRules = (
			);
			dependencies = (
			);
			name = newLiFE;
			productName = newLiFE;
			productReference = 53474D60196CDE4D00C07BB2 /* newLiFE.app */;
			productType = "com.apple.product-type.application";
		};
		53474D80196CDE4D00C07BB2 /* newLiFETests */ = {
			isa = PBXNativeTarget;
			buildConfigurationList = 53474D95196CDE4D00C07BB2 /* Build configuration list for PBXNativeTarget "newLiFETests" */;
			buildPhases = (
				53474D7D196CDE4D00C07BB2 /* Sources */,
				53474D7E196CDE4D00C07BB2 /* Frameworks */,
				53474D7F196CDE4D00C07BB2 /* Resources */,
			);
			buildRules = (
			);
			dependencies = (
				53474D87196CDE4D00C07BB2 /* PBXTargetDependency */,
			);
			name = newLiFETests;
			productName = newLiFETests;
			productReference = 53474D81196CDE4D00C07BB2 /* newLiFETests.xctest */;
			productType = "com.apple.product-type.bundle.unit-test";
		};
/* End PBXNativeTarget section */

/* Begin PBXProject section */
		53474D58196CDE4D00C07BB2 /* Project object */ = {
			isa = PBXProject;
			attributes = {
				LastUpgradeCheck = 0510;
				ORGANIZATIONNAME = "Answerer-ryo";
				TargetAttributes = {
					53474D80196CDE4D00C07BB2 = {
						TestTargetID = 53474D5F196CDE4D00C07BB2;
					};
				};
			};
			buildConfigurationList = 53474D5B196CDE4D00C07BB2 /* Build configuration list for PBXProject "newLiFE" */;
			compatibilityVersion = "Xcode 3.2";
			developmentRegion = English;
			hasScannedForEncodings = 0;
			knownRegions = (
				en,
				Base,
			);
			mainGroup = 53474D57196CDE4D00C07BB2;
			productRefGroup = 53474D61196CDE4D00C07BB2 /* Products */;
			projectDirPath = "";
			projectRoot = "";
			targets = (
				53474D5F196CDE4D00C07BB2 /* newLiFE */,
				53474D80196CDE4D00C07BB2 /* newLiFETests */,
			);
		};
/* End PBXProject section */

/* Begin PBXResourcesBuildPhase section */
		53474D5E196CDE4D00C07BB2 /* Resources */ = {
			isa = PBXResourcesBuildPhase;
			buildActionMask = 2147483647;
			files = (
				53474D7C196CDE4D00C07BB2 /* Images.xcassets in Resources */,
				53474D6E196CDE4D00C07BB2 /* InfoPlist.strings in Resources */,
				53474D77196CDE4D00C07BB2 /* Main.storyboard in Resources */,
			);
			runOnlyForDeploymentPostprocessing = 0;
		};
		53474D7F196CDE4D00C07BB2 /* Resources */ = {
			isa = PBXResourcesBuildPhase;
			buildActionMask = 2147483647;
			files = (
				53474D8D196CDE4D00C07BB2 /* InfoPlist.strings in Resources */,
			);
			runOnlyForDeploymentPostprocessing = 0;
		};
/* End PBXResourcesBuildPhase section */

/* Begin PBXSourcesBuildPhase section */
		53474D5C196CDE4D00C07BB2 /* Sources */ = {
			isa = PBXSourcesBuildPhase;
			buildActionMask = 2147483647;
			files = (
				53474D7A196CDE4D00C07BB2 /* ViewController.m in Sources */,
				53474D74196CDE4D00C07BB2 /* AppDelegate.m in Sources */,
				53474D70196CDE4D00C07BB2 /* main.m in Sources */,
			);
			runOnlyForDeploymentPostprocessing = 0;
		};
		53474D7D196CDE4D00C07BB2 /* Sources */ = {
			isa = PBXSourcesBuildPhase;
			buildActionMask = 2147483647;
			files = (
				53474D8F196CDE4D00C07BB2 /* newLiFETests.m in Sources */,
			);
			runOnlyForDeploymentPostprocessing = 0;
		};
/* End PBXSourcesBuildPhase section */

/* Begin PBXTargetDependency section */
		53474D87196CDE4D00C07BB2 /* PBXTargetDependency */ = {
			isa = PBXTargetDependency;
			target = 53474D5F196CDE4D00C07BB2 /* newLiFE */;
			targetProxy = 53474D86196CDE4D00C07BB2 /* PBXContainerItemProxy */;
		};
/* End PBXTargetDependency section */

/* Begin PBXVariantGroup section */
		53474D6C196CDE4D00C07BB2 /* InfoPlist.strings */ = {
			isa = PBXVariantGroup;
			children = (
				53474D6D196CDE4D00C07BB2 /* en */,
			);
			name = InfoPlist.strings;
			sourceTree = "<group>";
		};
		53474D75196CDE4D00C07BB2 /* Main.storyboard */ = {
			isa = PBXVariantGroup;
			children = (
				53474D76196CDE4D00C07BB2 /* Base */,
			);
			name = Main.storyboard;
			sourceTree = "<group>";
		};
		53474D8B196CDE4D00C07BB2 /* InfoPlist.strings */ = {
			isa = PBXVariantGroup;
			children = (
				53474D8C196CDE4D00C07BB2 /* en */,
			);
			name = InfoPlist.strings;
			sourceTree = "<group>";
		};
/* End PBXVariantGroup section */

/* Begin XCBuildConfiguration section */
		53474D90196CDE4D00C07BB2 /* Debug */ = {
			isa = XCBuildConfiguration;
			buildSettings = {
				ALWAYS_SEARCH_USER_PATHS = NO;
				CLANG_CXX_LANGUAGE_STANDARD = "gnu++0x";
				CLANG_CXX_LIBRARY = "libc++";
				CLANG_ENABLE_MODULES = YES;
				CLANG_ENABLE_OBJC_ARC = YES;
				CLANG_WARN_BOOL_CONVERSION = YES;
				CLANG_WARN_CONSTANT_CONVERSION = YES;
				CLANG_WARN_DIRECT_OBJC_ISA_USAGE = YES_ERROR;
				CLANG_WARN_EMPTY_BODY = YES;
				CLANG_WARN_ENUM_CONVERSION = YES;
				CLANG_WARN_INT_CONVERSION = YES;
				CLANG_WARN_OBJC_ROOT_CLASS = YES_ERROR;
				CLANG_WARN__DUPLICATE_METHOD_MATCH = YES;
				"CODE_SIGN_IDENTITY[sdk=iphoneos*]" = "iPhone Developer";
				COPY_PHASE_STRIP = NO;
				GCC_C_LANGUAGE_STANDARD = gnu99;
				GCC_DYNAMIC_NO_PIC = NO;
				GCC_OPTIMIZATION_LEVEL = 0;
				GCC_PREPROCESSOR_DEFINITIONS = (
					"DEBUG=1",
					"$(inherited)",
				);
				GCC_SYMBOLS_PRIVATE_EXTERN = NO;
				GCC_WARN_64_TO_32_BIT_CONVERSION = YES;
				GCC_WARN_ABOUT_RETURN_TYPE = YES_ERROR;
				GCC_WARN_UNDECLARED_SELECTOR = YES;
				GCC_WARN_UNINITIALIZED_AUTOS = YES_AGGRESSIVE;
				GCC_WARN_UNUSED_FUNCTION = YES;
				GCC_WARN_UNUSED_VARIABLE = YES;
				IPHONEOS_DEPLOYMENT_TARGET = 7.1;
				ONLY_ACTIVE_ARCH = YES;
				SDKROOT = iphoneos;
			};
			name = Debug;
		};
		53474D91196CDE4D00C07BB2 /* Release */ = {
			isa = XCBuildConfiguration;
			buildSettings = {
				ALWAYS_SEARCH_USER_PATHS = NO;
				CLANG_CXX_LANGUAGE_STANDARD = "gnu++0x";
				CLANG_CXX_LIBRARY = "libc++";
				CLANG_ENABLE_MODULES = YES;
				CLANG_ENABLE_OBJC_ARC = YES;
				CLANG_WARN_BOOL_CONVERSION = YES;
				CLANG_WARN_CONSTANT_CONVERSION = YES;
				CLANG_WARN_DIRECT_OBJC_ISA_USAGE = YES_ERROR;
				CLANG_WARN_EMPTY_BODY = YES;
				CLANG_WARN_ENUM_CONVERSION = YES;
				CLANG_WARN_INT_CONVERSION = YES;
				CLANG_WARN_OBJC_ROOT_CLASS = YES_ERROR;
				CLANG_WARN__DUPLICATE_METHOD_MATCH = YES;
				"CODE_SIGN_IDENTITY[sdk=iphoneos*]" = "iPhone Developer";
				COPY_PHASE_STRIP = YES;
				ENABLE_NS_ASSERTIONS = NO;
				GCC_C_LANGUAGE_STANDARD = gnu99;
				GCC_WARN_64_TO_32_BIT_CONVERSION = YES;
				GCC_WARN_ABOUT_RETURN_TYPE = YES_ERROR;
				GCC_WARN_UNDECLARED_SELECTOR = YES;
				GCC_WARN_UNINITIALIZED_AUTOS = YES_AGGRESSIVE;
				GCC_WARN_UNUSED_FUNCTION = YES;
				GCC_WARN_UNUSED_VARIABLE = YES;
				IPHONEOS_DEPLOYMENT_TARGET = 7.1;
				SDKROOT = iphoneos;
				VALIDATE_PRODUCT = YES;
			};
			name = Release;
		};
		53474D93196CDE4D00C07BB2 /* Debug */ = {
			isa = XCBuildConfiguration;
			buildSettings = {
				ASSETCATALOG_COMPILER_APPICON_NAME = AppIcon;
				ASSETCATALOG_COMPILER_LAUNCHIMAGE_NAME = LaunchImage;
				GCC_PRECOMPILE_PREFIX_HEADER = YES;
				GCC_PREFIX_HEADER = "newLiFE/newLiFE-Prefix.pch";
				INFOPLIST_FILE = "newLiFE/newLiFE-Info.plist";
				PRODUCT_NAME = "$(TARGET_NAME)";
				WRAPPER_EXTENSION = app;
			};
			name = Debug;
		};
		53474D94196CDE4D00C07BB2 /* Release */ = {
			isa = XCBuildConfiguration;
			buildSettings = {
				ASSETCATALOG_COMPILER_APPICON_NAME = AppIcon;
				ASSETCATALOG_COMPILER_LAUNCHIMAGE_NAME = LaunchImage;
				GCC_PRECOMPILE_PREFIX_HEADER = YES;
				GCC_PREFIX_HEADER = "newLiFE/newLiFE-Prefix.pch";
				INFOPLIST_FILE = "newLiFE/newLiFE-Info.plist";
				PRODUCT_NAME = "$(TARGET_NAME)";
				WRAPPER_EXTENSION = app;
			};
			name = Release;
		};
		53474D96196CDE4D00C07BB2 /* Debug */ = {
			isa = XCBuildConfiguration;
			buildSettings = {
				BUNDLE_LOADER = "$(BUILT_PRODUCTS_DIR)/newLiFE.app/newLiFE";
				FRAMEWORK_SEARCH_PATHS = (
					"$(SDKROOT)/Developer/Library/Frameworks",
					"$(inherited)",
					"$(DEVELOPER_FRAMEWORKS_DIR)",
				);
				GCC_PRECOMPILE_PREFIX_HEADER = YES;
				GCC_PREFIX_HEADER = "newLiFE/newLiFE-Prefix.pch";
				GCC_PREPROCESSOR_DEFINITIONS = (
					"DEBUG=1",
					"$(inherited)",
				);
				INFOPLIST_FILE = "newLiFETests/newLiFETests-Info.plist";
				PRODUCT_NAME = "$(TARGET_NAME)";
				TEST_HOST = "$(BUNDLE_LOADER)";
				WRAPPER_EXTENSION = xctest;
			};
			name = Debug;
		};
		53474D97196CDE4D00C07BB2 /* Release */ = {
			isa = XCBuildConfiguration;
			buildSettings = {
				BUNDLE_LOADER = "$(BUILT_PRODUCTS_DIR)/newLiFE.app/newLiFE";
				FRAMEWORK_SEARCH_PATHS = (
					"$(SDKROOT)/Developer/Library/Frameworks",
					"$(inherited)",
					"$(DEVELOPER_FRAMEWORKS_DIR)",
				);
				GCC_PRECOMPILE_PREFIX_HEADER = YES;
				GCC_PREFIX_HEADER = "newLiFE/newLiFE-Prefix.pch";
				INFOPLIST_FILE = "newLiFETests/newLiFETests-Info.plist";
				PRODUCT_NAME = "$(TARGET_NAME)";
				TEST_HOST = "$(BUNDLE_LOADER)";
				WRAPPER_EXTENSION = xctest;
			};
			name = Release;
		};
/* End XCBuildConfiguration section */

/* Begin XCConfigurationList section */
		53474D5B196CDE4D00C07BB2 /* Build configuration list for PBXProject "newLiFE" */ = {
			isa = XCConfigurationList;
			buildConfigurations = (
				53474D90196CDE4D00C07BB2 /* Debug */,
				53474D91196CDE4D00C07BB2 /* Release */,
			);
			defaultConfigurationIsVisible = 0;
			defaultConfigurationName = Release;
		};
		53474D92196CDE4D00C07BB2 /* Build configuration list for PBXNativeTarget "newLiFE" */ = {
			isa = XCConfigurationList;
			buildConfigurations = (
				53474D93196CDE4D00C07BB2 /* Debug */,
				53474D94196CDE4D00C07BB2 /* Release */,
			);
			defaultConfigurationIsVisible = 0;
		};
		53474D95196CDE4D00C07BB2 /* Build configuration list for PBXNativeTarget "newLiFETests" */ = {
			isa = XCConfigurationList;
			buildConfigurations = (
				53474D96196CDE4D00C07BB2 /* Debug */,
				53474D97196CDE4D00C07BB2 /* Release */,
			);
			defaultConfigurationIsVisible = 0;
		};
/* End XCConfigurationList section */
	};
	rootObject = 53474D58196CDE4D00C07BB2 /* Project object */;
}
